
Microsoft Visual Studio Solution File, Format Version 12.00
# Visual Studio Express 2013 for Web
VisualStudioVersion = 12.0.30723.0
MinimumVisualStudioVersion = 10.0.40219.1
Project("{FAE04EC0-301F-11D3-BF4B-00C04F79EFBC}") = "SJDToolHire.Domain", "SJDToolHire.Domain\SJDToolHire.Domain.csproj", "{DC5932D4-A8D1-4E0E-94FB-20FAC90AAE59}"
EndProject
Project("{FAE04EC0-301F-11D3-BF4B-00C04F79EFBC}") = "SJDToolHire.WebUI", "SJDToolHire.WebUI\SJDToolHire.WebUI.csproj", "{685D5417-2031-4396-84E6-F7FFFB58F223}"
EndProject
Project("{FAE04EC0-301F-11D3-BF4B-00C04F79EFBC}") = "SJDToolHire.UnitTests", "SJDToolHire.UnitTests\SJDToolHire.UnitTests.csproj", "{E60AAF6E-5366-4E86-B99D-E4423A433545}"
EndProject
Global
	GlobalSection(SolutionConfigurationPlatforms) = preSolution
		Debug|Any CPU = Debug|Any CPU
		Release|Any CPU = Release|Any CPU
	EndGlobalSection
	GlobalSection(ProjectConfigurationPlatforms) = postSolution
		{DC5932D4-A8D1-4E0E-94FB-20FAC90AAE59}.Debug|Any CPU.ActiveCfg = Debug|Any CPU
		{DC5932D4-A8D1-4E0E-94FB-20FAC90AAE59}.Debug|Any CPU.Build.0 = Debug|Any CPU
		{DC5932D4-A8D1-4E0E-94FB-20FAC90AAE59}.Release|Any CPU.ActiveCfg = Release|Any CPU
		{DC5932D4-A8D1-4E0E-94FB-20FAC90AAE59}.Release|Any CPU.Build.0 = Release|Any CPU
		{685D5417-2031-4396-84E6-F7FFFB58F223}.Debug|Any CPU.ActiveCfg = Debug|Any CPU
		{685D5417-2031-4396-84E6-F7FFFB58F223}.Debug|Any CPU.Build.0 = Debug|Any CPU
		{685D5417-2031-4396-84E6-F7FFFB58F223}.Release|Any CPU.ActiveCfg = Release|Any CPU
		{685D5417-2031-4396-84E6-F7FFFB58F223}.Release|Any CPU.Build.0 = Release|Any CPU
		{E60AAF6E-5366-4E86-B99D-E4423A433545}.Debug|Any CPU.ActiveCfg = Debug|Any CPU
		{E60AAF6E-5366-4E86-B99D-E4423A433545}.Debug|Any CPU.Build.0 = Debug|Any CPU
		{E60AAF6E-5366-4E86-B99D-E4423A433545}.Release|Any CPU.ActiveCfg = Release|Any CPU
		{E60AAF6E-5366-4E86-B99D-E4423A433545}.Release|Any CPU.Build.0 = Release|Any CPU
	EndGlobalSection
	GlobalSection(SolutionProperties) = preSolution
		HideSolutionNode = FALSE
	EndGlobalSection
EndGlobal
